
Microsoft Visual Studio Solution File, Format Version 12.00
# Visual Studio Version 17
VisualStudioVersion = 17.2.32630.192
MinimumVisualStudioVersion = 10.0.40219.1
Project("{9A19103F-16F7-4668-BE54-9A1E7A4F7556}") = "WpfApp1", "WpfApp1\WpfApp1.csproj", "{C113F7B5-F73F-4AF1-B957-4BAA9DC782E0}"
EndProject
Global
	GlobalSection(SolutionConfigurationPlatforms) = preSolution
		Debug|Any CPU = Debug|Any CPU
		Release|Any CPU = Release|Any CPU
	EndGlobalSection
	GlobalSection(ProjectConfigurationPlatforms) = postSolution
		{C113F7B5-F73F-4AF1-B957-4BAA9DC782E0}.Debug|Any CPU.ActiveCfg = Debug|Any CPU
		{C113F7B5-F73F-4AF1-B957-4BAA9DC782E0}.Debug|Any CPU.Build.0 = Debug|Any CPU
		{C113F7B5-F73F-4AF1-B957-4BAA9DC782E0}.Release|Any CPU.ActiveCfg = Release|Any CPU
		{C113F7B5-F73F-4AF1-B957-4BAA9DC782E0}.Release|Any CPU.Build.0 = Release|Any CPU
	EndGlobalSection
	GlobalSection(SolutionProperties) = preSolution
		HideSolutionNode = FALSE
	EndGlobalSection
	GlobalSection(ExtensibilityGlobals) = postSolution
		SolutionGuid = {B3AD2F7F-FCD0-4D31-A16C-87C53BBE365C}
	EndGlobalSection
EndGlobal
